
Microsoft Visual Studio Solution File, Format Version 12.00
# Visual Studio Version 16
VisualStudioVersion = 16.0.31321.278
MinimumVisualStudioVersion = 10.0.40219.1
Project("{FAE04EC0-301F-11D3-BF4B-00C04F79EFBC}") = "BooksApp", "BooksApp.csproj", "{997A5729-4A15-44E2-A4F0-B5DE009C4785}"
EndProject
Global
	GlobalSection(SolutionConfigurationPlatforms) = preSolution
		Debug|Any CPU = Debug|Any CPU
		Release|Any CPU = Release|Any CPU
	EndGlobalSection
	GlobalSection(ProjectConfigurationPlatforms) = postSolution
		{997A5729-4A15-44E2-A4F0-B5DE009C4785}.Debug|Any CPU.ActiveCfg = Debug|Any CPU
		{997A5729-4A15-44E2-A4F0-B5DE009C4785}.Debug|Any CPU.Build.0 = Debug|Any CPU
		{997A5729-4A15-44E2-A4F0-B5DE009C4785}.Release|Any CPU.ActiveCfg = Release|Any CPU
		{997A5729-4A15-44E2-A4F0-B5DE009C4785}.Release|Any CPU.Build.0 = Release|Any CPU
	EndGlobalSection
	GlobalSection(SolutionProperties) = preSolution
		HideSolutionNode = FALSE
	EndGlobalSection
	GlobalSection(ExtensibilityGlobals) = postSolution
		SolutionGuid = {8828117A-F226-4844-B9EB-7006295E2888}
	EndGlobalSection
EndGlobal
